{
  "name": "hapi16v",
  "version": "1.0.0",
  "lockfileVersion": 1,
  "requires": true,
  "dependencies": {
    "ammo": {
      "version": "2.0.4",
      "resolved": "https://registry.npmjs.org/ammo/-/ammo-2.0.4.tgz",
      "integrity": "sha1-v4CqshFpjqePY+9efxE91dnokX8=",
      "requires": {
        "boom": "5.2.0",
        "hoek": "4.2.0"
      }
    },
    "boom": {
      "version": "5.2.0",
      "resolved": "https://registry.npmjs.org/boom/-/boom-5.2.0.tgz",
      "integrity": "sha512-Z5BTk6ZRe4tXXQlkqftmsAUANpXmuwlsF5Oov8ThoMbQRzdGTA1ngYRW160GexgOgjsFOKJz0LYhoNi+2AMBUw==",
      "requires": {
        "hoek": "4.2.0"
      }
    },
    "core-util-is": {
      "version": "1.0.2",
      "resolved": "https://registry.npmjs.org/core-util-is/-/core-util-is-1.0.2.tgz",
      "integrity": "sha1-tf1UIgqivFq1eqtxQMlAdUUDwac="
    },
    "duplexify": {
      "version": "3.5.3",
      "resolved": "https://registry.npmjs.org/duplexify/-/duplexify-3.5.3.tgz",
      "integrity": "sha512-g8ID9OroF9hKt2POf8YLayy+9594PzmM3scI00/uBXocX3TWNgoB67hjzkFe9ITAbQOne/lLdBxHXvYUM4ZgGA==",
      "requires": {
        "end-of-stream": "1.4.1",
        "inherits": "2.0.3",
        "readable-stream": "2.3.4",
        "stream-shift": "1.0.0"
      }
    },
    "end-of-stream": {
      "version": "1.4.1",
      "resolved": "https://registry.npmjs.org/end-of-stream/-/end-of-stream-1.4.1.tgz",
      "integrity": "sha512-1MkrZNvWTKCaigbn+W15elq2BB/L22nqrSY5DKlo3X6+vclJm8Bb5djXJBmEX6fS3+zCh/F4VBK5Z2KxJt4s2Q==",
      "requires": {
        "once": "1.4.0"
      }
    },
    "fast-safe-stringify": {
      "version": "1.1.13",
      "resolved": "https://registry.npmjs.org/fast-safe-stringify/-/fast-safe-stringify-1.1.13.tgz",
      "integrity": "sha1-oB6c2cnkkXFcmKdaQtXwu9EH/3Y="
    },
    "good": {
      "version": "7.3.0",
      "resolved": "https://registry.npmjs.org/good/-/good-7.3.0.tgz",
      "integrity": "sha512-bZ4clzBw75zI424QUOrOnzwSM/7BrJ/2xTX75IT3spIZ052OPYEzLqdSt4mj/zZfs2OU52+/428QEmvyKUscUQ==",
      "requires": {
        "hoek": "4.2.0",
        "joi": "10.6.0",
        "oppsy": "1.0.2",
        "pumpify": "1.3.6"
      }
    },
    "good-console": {
      "version": "7.0.1",
      "resolved": "https://registry.npmjs.org/good-console/-/good-console-7.0.1.tgz",
      "integrity": "sha1-VE8YTwLmhCqwfn7pAJaMwz3GpTM=",
      "requires": {
        "hoek": "4.2.0",
        "joi": "12.0.0",
        "json-stringify-safe": "5.0.1",
        "moment": "2.20.1"
      },
      "dependencies": {
        "isemail": {
          "version": "3.1.1",
          "resolved": "https://registry.npmjs.org/isemail/-/isemail-3.1.1.tgz",
          "integrity": "sha512-mVjAjvdPkpwXW61agT2E9AkGoegZO7SdJGCezWwxnETL58f5KwJ4vSVAMBUL5idL6rTlYAIGkX3n4suiviMLNw==",
          "requires": {
            "punycode": "2.1.0"
          }
        },
        "joi": {
          "version": "12.0.0",
          "resolved": "https://registry.npmjs.org/joi/-/joi-12.0.0.tgz",
          "integrity": "sha512-z0FNlV4NGgjQN1fdtHYXf5kmgludM65fG/JlXzU6+rwkt9U5UWuXVYnXa2FpK0u6+qBuCmrm5byPNuiiddAHvQ==",
          "requires": {
            "hoek": "4.2.0",
            "isemail": "3.1.1",
            "topo": "2.0.2"
          }
        }
      }
    },
    "good-squeeze": {
      "version": "5.0.2",
      "resolved": "https://registry.npmjs.org/good-squeeze/-/good-squeeze-5.0.2.tgz",
      "integrity": "sha1-qOWCQrSgsyzb3zF7YOc6Gafwh5s=",
      "requires": {
        "fast-safe-stringify": "1.1.13",
        "hoek": "4.2.0"
      }
    },
    "hapi": {
      "version": "16.0.1",
      "resolved": "https://registry.npmjs.org/hapi/-/hapi-16.0.1.tgz",
      "integrity": "sha1-WGLZMKs0fulcpk9HX7CMkf2oXxQ=",
      "requires": {
        "accept": "2.1.3",
        "ammo": "2.0.3",
        "boom": "4.2.0",
        "call": "4.0.0",
        "catbox": "7.1.3",
        "catbox-memory": "2.0.4",
        "cryptiles": "3.1.1",
        "heavy": "4.0.3",
        "hoek": "4.1.0",
        "iron": "4.0.4",
        "items": "2.1.1",
        "joi": "10.0.1",
        "mimos": "3.0.3",
        "podium": "1.2.5",
        "shot": "3.4.0",
        "statehood": "5.0.1",
        "subtext": "4.3.0",
        "topo": "2.0.2"
      },
      "dependencies": {
        "accept": {
          "version": "2.1.3",
          "resolved": "https://registry.npmjs.org/accept/-/accept-2.1.3.tgz",
          "integrity": "sha1-qw9b2kxEm76SaupgezUiVi9az4Y=",
          "requires": {
            "boom": "4.2.0",
            "hoek": "4.1.0"
          }
        },
        "ammo": {
          "version": "2.0.3",
          "resolved": "https://registry.npmjs.org/ammo/-/ammo-2.0.3.tgz",
          "integrity": "sha1-kUu89lsEPtD1ioqdAZbiUOxR5qc=",
          "requires": {
            "boom": "4.2.0",
            "hoek": "4.1.0"
          }
        },
        "b64": {
          "version": "3.0.2",
          "resolved": "https://registry.npmjs.org/b64/-/b64-3.0.2.tgz",
          "integrity": "sha1-ep1gRmrfe43hFMvfZRpf38yQiU0="
        },
        "boom": {
          "version": "4.2.0",
          "resolved": "https://registry.npmjs.org/boom/-/boom-4.2.0.tgz",
          "integrity": "sha1-wadBdLEfu6Ij9hYtT9iFGhuCpTY=",
          "requires": {
            "hoek": "4.1.0"
          }
        },
        "call": {
          "version": "4.0.0",
          "resolved": "https://registry.npmjs.org/call/-/call-4.0.0.tgz",
          "integrity": "sha1-zSk4GpgEahMtsm4mKOcL2DIaHd8=",
          "requires": {
            "boom": "4.2.0",
            "hoek": "4.1.0"
          }
        },
        "catbox": {
          "version": "7.1.3",
          "resolved": "https://registry.npmjs.org/catbox/-/catbox-7.1.3.tgz",
          "integrity": "sha1-mBft7FqSF0MoKt38nEWs5ShH7rs=",
          "requires": {
            "boom": "4.2.0",
            "hoek": "4.1.0",
            "joi": "10.0.1"
          }
        },
        "catbox-memory": {
          "version": "2.0.4",
          "resolved": "https://registry.npmjs.org/catbox-memory/-/catbox-memory-2.0.4.tgz",
          "integrity": "sha1-Qz4lWQLK9UIz0ShkKcj03xToItU=",
          "requires": {
            "hoek": "4.1.0"
          }
        },
        "content": {
          "version": "3.0.3",
          "resolved": "https://registry.npmjs.org/content/-/content-3.0.3.tgz",
          "integrity": "sha1-AA+KATcblcZq/pm+k5D6bLkaqHo=",
          "requires": {
            "boom": "4.2.0"
          }
        },
        "cryptiles": {
          "version": "3.1.1",
          "resolved": "https://registry.npmjs.org/cryptiles/-/cryptiles-3.1.1.tgz",
          "integrity": "sha1-hqkgP3NnoOkyS8dVX/D89fgZee4=",
          "requires": {
            "boom": "4.2.0"
          }
        },
        "heavy": {
          "version": "4.0.3",
          "resolved": "https://registry.npmjs.org/heavy/-/heavy-4.0.3.tgz",
          "integrity": "sha1-l2u6EYsBGxX+kEqk8pKhaL/GIy8=",
          "requires": {
            "boom": "4.2.0",
            "hoek": "4.1.0",
            "joi": "10.0.1"
          }
        },
        "hoek": {
          "version": "4.1.0",
          "resolved": "https://registry.npmjs.org/hoek/-/hoek-4.1.0.tgz",
          "integrity": "sha1-SkVXRg9phC7UY6oAYozCbSaDr6c="
        },
        "iron": {
          "version": "4.0.4",
          "resolved": "https://registry.npmjs.org/iron/-/iron-4.0.4.tgz",
          "integrity": "sha1-wfjMTJFFQZSriSDZJHuoguUoBho=",
          "requires": {
            "boom": "4.2.0",
            "cryptiles": "3.1.1",
            "hoek": "4.1.0"
          }
        },
        "isemail": {
          "version": "2.2.1",
          "resolved": "https://registry.npmjs.org/isemail/-/isemail-2.2.1.tgz",
          "integrity": "sha1-A1PT2aYpUQgMJiwqoKQrjqjp4qY="
        },
        "items": {
          "version": "2.1.1",
          "resolved": "https://registry.npmjs.org/items/-/items-2.1.1.tgz",
          "integrity": "sha1-i9FtnIOxlSneWuoyGsqtp4NkoZg="
        },
        "joi": {
          "version": "10.0.1",
          "resolved": "https://registry.npmjs.org/joi/-/joi-10.0.1.tgz",
          "integrity": "sha1-MM6fdwOLfZ3wgl2AEIsVxMrTCgs=",
          "requires": {
            "hoek": "4.1.0",
            "isemail": "2.2.1",
            "items": "2.1.1",
            "topo": "2.0.2"
          }
        },
        "mime-db": {
          "version": "1.25.0",
          "resolved": "https://registry.npmjs.org/mime-db/-/mime-db-1.25.0.tgz",
          "integrity": "sha1-wY29fHOl2/b0SgJNwNFloeexw5I="
        },
        "mimos": {
          "version": "3.0.3",
          "resolved": "https://registry.npmjs.org/mimos/-/mimos-3.0.3.tgz",
          "integrity": "sha1-uRCQcq03jCty9qAQHEPd+ys2ZB8=",
          "requires": {
            "hoek": "4.1.0",
            "mime-db": "1.25.0"
          }
        },
        "nigel": {
          "version": "2.0.2",
          "resolved": "https://registry.npmjs.org/nigel/-/nigel-2.0.2.tgz",
          "integrity": "sha1-k6GGb7DFLYc5CqdeKxYfS1x15bE=",
          "requires": {
            "hoek": "4.1.0",
            "vise": "2.0.2"
          }
        },
        "pez": {
          "version": "2.1.4",
          "resolved": "https://registry.npmjs.org/pez/-/pez-2.1.4.tgz",
          "integrity": "sha1-c/gi+mLVmdZcRgb0kNVNNFGRvHw=",
          "requires": {
            "b64": "3.0.2",
            "boom": "4.2.0",
            "content": "3.0.3",
            "hoek": "4.1.0",
            "nigel": "2.0.2"
          }
        },
        "podium": {
          "version": "1.2.5",
          "resolved": "https://registry.npmjs.org/podium/-/podium-1.2.5.tgz",
          "integrity": "sha1-h8VmwvA2W88KHsdgLE0BlIzdKtU=",
          "requires": {
            "hoek": "4.1.0",
            "items": "2.1.1",
            "joi": "10.0.1"
          }
        },
        "shot": {
          "version": "3.4.0",
          "resolved": "https://registry.npmjs.org/shot/-/shot-3.4.0.tgz",
          "integrity": "sha1-5xJe5yV1rlIYNJ6TNjaAjXkNS5I=",
          "requires": {
            "hoek": "4.1.0",
            "joi": "10.0.1"
          }
        },
        "statehood": {
          "version": "5.0.1",
          "resolved": "https://registry.npmjs.org/statehood/-/statehood-5.0.1.tgz",
          "integrity": "sha1-/BPJezd1HBjnBRPSuX6Jasi3MAU=",
          "requires": {
            "boom": "4.2.0",
            "cryptiles": "3.1.1",
            "hoek": "4.1.0",
            "iron": "4.0.4",
            "items": "2.1.1",
            "joi": "10.0.1"
          }
        },
        "subtext": {
          "version": "4.3.0",
          "resolved": "https://registry.npmjs.org/subtext/-/subtext-4.3.0.tgz",
          "integrity": "sha1-36yQSS7DVmn9bgDG5dk4sG18z7s=",
          "requires": {
            "boom": "4.2.0",
            "content": "3.0.3",
            "hoek": "4.1.0",
            "pez": "2.1.4",
            "wreck": "10.0.0"
          }
        },
        "topo": {
          "version": "2.0.2",
          "resolved": "https://registry.npmjs.org/topo/-/topo-2.0.2.tgz",
          "integrity": "sha1-zVYVdSU5BXwNwEkaYhw7xvvh0YI=",
          "requires": {
            "hoek": "4.1.0"
          }
        },
        "vise": {
          "version": "2.0.2",
          "resolved": "https://registry.npmjs.org/vise/-/vise-2.0.2.tgz",
          "integrity": "sha1-awjo+0y3bjpQzW3Q7DczjoEaDTk=",
          "requires": {
            "hoek": "4.1.0"
          }
        },
        "wreck": {
          "version": "10.0.0",
          "resolved": "https://registry.npmjs.org/wreck/-/wreck-10.0.0.tgz",
          "integrity": "sha1-mKuIL4XhalJjMlB/EB9aeEEWIng=",
          "requires": {
            "boom": "4.2.0",
            "hoek": "4.1.0"
          }
        }
      }
    },
    "hoek": {
      "version": "4.2.0",
      "resolved": "https://registry.npmjs.org/hoek/-/hoek-4.2.0.tgz",
      "integrity": "sha512-v0XCLxICi9nPfYrS9RL8HbYnXi9obYAeLbSP00BmnZwCK9+Ih9WOjoZ8YoHCoav2csqn4FOz4Orldsy2dmDwmQ=="
    },
    "inert": {
      "version": "4.2.1",
      "resolved": "https://registry.npmjs.org/inert/-/inert-4.2.1.tgz",
      "integrity": "sha512-qmbbZYPSzU/eOUOStPQvSjrU9IR1Q3uDtsEsVwnBQeZG43xu7Nrj6yuUrX3ice/03rv5dj/KiKB+NGCbiqH+aQ==",
      "requires": {
        "ammo": "2.0.4",
        "boom": "5.2.0",
        "hoek": "4.2.0",
        "items": "2.1.1",
        "joi": "10.6.0",
        "lru-cache": "4.1.1"
      }
    },
    "inherits": {
      "version": "2.0.3",
      "resolved": "https://registry.npmjs.org/inherits/-/inherits-2.0.3.tgz",
      "integrity": "sha1-Yzwsg+PaQqUC9SRmAiSA9CCCYd4="
    },
    "isarray": {
      "version": "1.0.0",
      "resolved": "https://registry.npmjs.org/isarray/-/isarray-1.0.0.tgz",
      "integrity": "sha1-u5NdSFgsuhaMBoNJV6VKPgcSTxE="
    },
    "isemail": {
      "version": "2.2.1",
      "resolved": "https://registry.npmjs.org/isemail/-/isemail-2.2.1.tgz",
      "integrity": "sha1-A1PT2aYpUQgMJiwqoKQrjqjp4qY="
    },
    "items": {
      "version": "2.1.1",
      "resolved": "https://registry.npmjs.org/items/-/items-2.1.1.tgz",
      "integrity": "sha1-i9FtnIOxlSneWuoyGsqtp4NkoZg="
    },
    "joi": {
      "version": "10.6.0",
      "resolved": "https://registry.npmjs.org/joi/-/joi-10.6.0.tgz",
      "integrity": "sha512-hBF3LcqyAid+9X/pwg+eXjD2QBZI5eXnBFJYaAkH4SK3mp9QSRiiQnDYlmlz5pccMvnLcJRS4whhDOTCkmsAdQ==",
      "requires": {
        "hoek": "4.2.0",
        "isemail": "2.2.1",
        "items": "2.1.1",
        "topo": "2.0.2"
      }
    },
    "json-stringify-safe": {
      "version": "5.0.1",
      "resolved": "https://registry.npmjs.org/json-stringify-safe/-/json-stringify-safe-5.0.1.tgz",
      "integrity": "sha1-Epai1Y/UXxmg9s4B1lcB4sc1tus="
    },
    "lru-cache": {
      "version": "4.1.1",
      "resolved": "https://registry.npmjs.org/lru-cache/-/lru-cache-4.1.1.tgz",
      "integrity": "sha512-q4spe4KTfsAS1SUHLO0wz8Qiyf1+vMIAgpRYioFYDMNqKfHQbg+AVDH3i4fvpl71/P1L0dBl+fQi+P37UYf0ew==",
      "requires": {
        "pseudomap": "1.0.2",
        "yallist": "2.1.2"
      }
    },
    "moment": {
      "version": "2.20.1",
      "resolved": "https://registry.npmjs.org/moment/-/moment-2.20.1.tgz",
      "integrity": "sha512-Yh9y73JRljxW5QxN08Fner68eFLxM5ynNOAw2LbIB1YAGeQzZT8QFSUvkAz609Zf+IHhhaUxqZK8dG3W/+HEvg=="
    },
    "once": {
      "version": "1.4.0",
      "resolved": "https://registry.npmjs.org/once/-/once-1.4.0.tgz",
      "integrity": "sha1-WDsap3WWHUsROsF9nFC6753Xa9E=",
      "requires": {
        "wrappy": "1.0.2"
      }
    },
    "oppsy": {
      "version": "1.0.2",
      "resolved": "https://registry.npmjs.org/oppsy/-/oppsy-1.0.2.tgz",
      "integrity": "sha1-mAFM1pZ2U6g8//pVQibckAULqtQ=",
      "requires": {
        "hoek": "4.2.0",
        "items": "2.1.1"
      }
    },
    "process-nextick-args": {
      "version": "2.0.0",
      "resolved": "https://registry.npmjs.org/process-nextick-args/-/process-nextick-args-2.0.0.tgz",
      "integrity": "sha512-MtEC1TqN0EU5nephaJ4rAtThHtC86dNN9qCuEhtshvpVBkAW5ZO7BASN9REnF9eoXGcRub+pFuKEpOHE+HbEMw=="
    },
    "pseudomap": {
      "version": "1.0.2",
      "resolved": "https://registry.npmjs.org/pseudomap/-/pseudomap-1.0.2.tgz",
      "integrity": "sha1-8FKijacOYYkX7wqKw0wa5aaChrM="
    },
    "pump": {
      "version": "2.0.1",
      "resolved": "https://registry.npmjs.org/pump/-/pump-2.0.1.tgz",
      "integrity": "sha512-ruPMNRkN3MHP1cWJc9OWr+T/xDP0jhXYCLfJcBuX54hhfIBnaQmAUMfDcG4DM5UMWByBbJY69QSphm3jtDKIkA==",
      "requires": {
        "end-of-stream": "1.4.1",
        "once": "1.4.0"
      }
    },
    "pumpify": {
      "version": "1.3.6",
      "resolved": "https://registry.npmjs.org/pumpify/-/pumpify-1.3.6.tgz",
      "integrity": "sha512-BurGAcvezsINL5US9T9wGHHcLNrG6MCp//ECtxron3vcR+Rfx5Anqq7HbZXNJvFQli8FGVsWCAvywEJFV5Hx/Q==",
      "requires": {
        "duplexify": "3.5.3",
        "inherits": "2.0.3",
        "pump": "2.0.1"
      }
    },
    "punycode": {
      "version": "2.1.0",
      "resolved": "https://registry.npmjs.org/punycode/-/punycode-2.1.0.tgz",
      "integrity": "sha1-X4Y+3Im5bbCQdLrXlHvwkFbKTn0="
    },
    "readable-stream": {
      "version": "2.3.4",
      "resolved": "https://registry.npmjs.org/readable-stream/-/readable-stream-2.3.4.tgz",
      "integrity": "sha512-vuYxeWYM+fde14+rajzqgeohAI7YoJcHE7kXDAc4Nk0EbuKnJfqtY9YtRkLo/tqkuF7MsBQRhPnPeyjYITp3ZQ==",
      "requires": {
        "core-util-is": "1.0.2",
        "inherits": "2.0.3",
        "isarray": "1.0.0",
        "process-nextick-args": "2.0.0",
        "safe-buffer": "5.1.1",
        "string_decoder": "1.0.3",
        "util-deprecate": "1.0.2"
      }
    },
    "safe-buffer": {
      "version": "5.1.1",
      "resolved": "https://registry.npmjs.org/safe-buffer/-/safe-buffer-5.1.1.tgz",
      "integrity": "sha512-kKvNJn6Mm93gAczWVJg7wH+wGYWNrDHdWvpUmHyEsgCtIwwo3bqPtV4tR5tuPaUhTOo/kvhVwd8XwwOllGYkbg=="
    },
    "stream-shift": {
      "version": "1.0.0",
      "resolved": "https://registry.npmjs.org/stream-shift/-/stream-shift-1.0.0.tgz",
      "integrity": "sha1-1cdSgl5TZ+eG944Y5EXqIjoVWVI="
    },
    "string_decoder": {
      "version": "1.0.3",
      "resolved": "https://registry.npmjs.org/string_decoder/-/string_decoder-1.0.3.tgz",
      "integrity": "sha512-4AH6Z5fzNNBcH+6XDMfA/BTt87skxqJlO0lAh3Dker5zThcAxG6mKz+iGu308UKoPPQ8Dcqx/4JhujzltRa+hQ==",
      "requires": {
        "safe-buffer": "5.1.1"
      }
    },
    "topo": {
      "version": "2.0.2",
      "resolved": "https://registry.npmjs.org/topo/-/topo-2.0.2.tgz",
      "integrity": "sha1-zVYVdSU5BXwNwEkaYhw7xvvh0YI=",
      "requires": {
        "hoek": "4.2.0"
      }
    },
    "util-deprecate": {
      "version": "1.0.2",
      "resolved": "https://registry.npmjs.org/util-deprecate/-/util-deprecate-1.0.2.tgz",
      "integrity": "sha1-RQ1Nyfpw3nMnYvvS1KKJgUGaDM8="
    },
    "wrappy": {
      "version": "1.0.2",
      "resolved": "https://registry.npmjs.org/wrappy/-/wrappy-1.0.2.tgz",
      "integrity": "sha1-tSQ9jz7BqjXxNkYFvA0QNuMKtp8="
    },
    "yallist": {
      "version": "2.1.2",
      "resolved": "https://registry.npmjs.org/yallist/-/yallist-2.1.2.tgz",
      "integrity": "sha1-HBH5IY8HYImkfdUS+TxmmaaoHVI="
    }
  }
}
